
Microsoft Visual Studio Solution File, Format Version 12.00
# Visual Studio Version 17
VisualStudioVersion = 17.1.32414.318
MinimumVisualStudioVersion = 10.0.40219.1
Project("{FAE04EC0-301F-11D3-BF4B-00C04F79EFBC}") = "FilesCopier", "FilesCopier\FilesCopier.csproj", "{E2A67B9C-EF05-43BF-ABA8-5BEE10C5FEDF}"
EndProject
Global
	GlobalSection(SolutionConfigurationPlatforms) = preSolution
		Debug|Any CPU = Debug|Any CPU
		Release|Any CPU = Release|Any CPU
	EndGlobalSection
	GlobalSection(ProjectConfigurationPlatforms) = postSolution
		{E2A67B9C-EF05-43BF-ABA8-5BEE10C5FEDF}.Debug|Any CPU.ActiveCfg = Debug|Any CPU
		{E2A67B9C-EF05-43BF-ABA8-5BEE10C5FEDF}.Debug|Any CPU.Build.0 = Debug|Any CPU
		{E2A67B9C-EF05-43BF-ABA8-5BEE10C5FEDF}.Release|Any CPU.ActiveCfg = Release|Any CPU
		{E2A67B9C-EF05-43BF-ABA8-5BEE10C5FEDF}.Release|Any CPU.Build.0 = Release|Any CPU
	EndGlobalSection
	GlobalSection(SolutionProperties) = preSolution
		HideSolutionNode = FALSE
	EndGlobalSection
	GlobalSection(ExtensibilityGlobals) = postSolution
		SolutionGuid = {FA6FE480-B814-496E-9CB4-13FE05F4C80D}
	EndGlobalSection
EndGlobal
